
Microsoft Visual Studio Solution File, Format Version 12.00
# Visual Studio Version 16
VisualStudioVersion = 16.0.32228.343
MinimumVisualStudioVersion = 10.0.40219.1
Project("{FAE04EC0-301F-11D3-BF4B-00C04F79EFBC}") = "VariableExercise", "VariableExercise\VariableExercise.csproj", "{28BF7BF0-7ED8-473F-8123-9C3E52357ED1}"
EndProject
Global
	GlobalSection(SolutionConfigurationPlatforms) = preSolution
		Debug|Any CPU = Debug|Any CPU
		Release|Any CPU = Release|Any CPU
	EndGlobalSection
	GlobalSection(ProjectConfigurationPlatforms) = postSolution
		{28BF7BF0-7ED8-473F-8123-9C3E52357ED1}.Debug|Any CPU.ActiveCfg = Debug|Any CPU
		{28BF7BF0-7ED8-473F-8123-9C3E52357ED1}.Debug|Any CPU.Build.0 = Debug|Any CPU
		{28BF7BF0-7ED8-473F-8123-9C3E52357ED1}.Release|Any CPU.ActiveCfg = Release|Any CPU
		{28BF7BF0-7ED8-473F-8123-9C3E52357ED1}.Release|Any CPU.Build.0 = Release|Any CPU
	EndGlobalSection
	GlobalSection(SolutionProperties) = preSolution
		HideSolutionNode = FALSE
	EndGlobalSection
	GlobalSection(ExtensibilityGlobals) = postSolution
		SolutionGuid = {53E717DA-B947-415C-85CA-1CAB0421DDF4}
	EndGlobalSection
EndGlobal
